
Microsoft Visual Studio Solution File, Format Version 12.00
# Visual Studio Version 17
VisualStudioVersion = 17.14.36518.9
MinimumVisualStudioVersion = 10.0.40219.1
Project("{8BC9CEB8-8B4A-11D0-8D11-00A0C91BC942}") = "KerSnitch", "KerSnitch\KerSnitch.vcxproj", "{CCE75F54-6B01-238A-D9C8-9412EACAABB5}"
EndProject
Project("{8BC9CEB8-8B4A-11D0-8D11-00A0C91BC942}") = "SnitchHater", "SnitchHater\SnitchHater.vcxproj", "{69A89A4A-DD37-4D6F-9D30-EA6B63529F6D}"
EndProject
Global
	GlobalSection(SolutionConfigurationPlatforms) = preSolution
		Debug|ARM64 = Debug|ARM64
		Debug|x64 = Debug|x64
		Release|ARM64 = Release|ARM64
		Release|x64 = Release|x64
	EndGlobalSection
	GlobalSection(ProjectConfigurationPlatforms) = postSolution
		{CCE75F54-6B01-238A-D9C8-9412EACAABB5}.Debug|ARM64.ActiveCfg = Debug|ARM64
		{CCE75F54-6B01-238A-D9C8-9412EACAABB5}.Debug|ARM64.Build.0 = Debug|ARM64
		{CCE75F54-6B01-238A-D9C8-9412EACAABB5}.Debug|ARM64.Deploy.0 = Debug|ARM64
		{CCE75F54-6B01-238A-D9C8-9412EACAABB5}.Debug|x64.ActiveCfg = Debug|x64
		{CCE75F54-6B01-238A-D9C8-9412EACAABB5}.Debug|x64.Build.0 = Debug|x64
		{CCE75F54-6B01-238A-D9C8-9412EACAABB5}.Debug|x64.Deploy.0 = Debug|x64
		{CCE75F54-6B01-238A-D9C8-9412EACAABB5}.Release|ARM64.ActiveCfg = Release|ARM64
		{CCE75F54-6B01-238A-D9C8-9412EACAABB5}.Release|ARM64.Build.0 = Release|ARM64
		{CCE75F54-6B01-238A-D9C8-9412EACAABB5}.Release|ARM64.Deploy.0 = Release|ARM64
		{CCE75F54-6B01-238A-D9C8-9412EACAABB5}.Release|x64.ActiveCfg = Release|x64
		{CCE75F54-6B01-238A-D9C8-9412EACAABB5}.Release|x64.Build.0 = Release|x64
		{CCE75F54-6B01-238A-D9C8-9412EACAABB5}.Release|x64.Deploy.0 = Release|x64
		{69A89A4A-DD37-4D6F-9D30-EA6B63529F6D}.Debug|ARM64.ActiveCfg = Debug|x64
		{69A89A4A-DD37-4D6F-9D30-EA6B63529F6D}.Debug|ARM64.Build.0 = Debug|x64
		{69A89A4A-DD37-4D6F-9D30-EA6B63529F6D}.Debug|x64.ActiveCfg = Debug|x64
		{69A89A4A-DD37-4D6F-9D30-EA6B63529F6D}.Debug|x64.Build.0 = Debug|x64
		{69A89A4A-DD37-4D6F-9D30-EA6B63529F6D}.Release|ARM64.ActiveCfg = Release|x64
		{69A89A4A-DD37-4D6F-9D30-EA6B63529F6D}.Release|ARM64.Build.0 = Release|x64
		{69A89A4A-DD37-4D6F-9D30-EA6B63529F6D}.Release|x64.ActiveCfg = Release|x64
		{69A89A4A-DD37-4D6F-9D30-EA6B63529F6D}.Release|x64.Build.0 = Release|x64
	EndGlobalSection
	GlobalSection(SolutionProperties) = preSolution
		HideSolutionNode = FALSE
	EndGlobalSection
	GlobalSection(ExtensibilityGlobals) = postSolution
		SolutionGuid = {5DA1276F-35BE-4ABD-BD56-A2EBA673B331}
	EndGlobalSection
EndGlobal
